<Solution>
  <Folder Name="/Samples/">
    <Project Path="FlowScorecard.Samples.Console/FlowScorecard.Samples.Console.csproj" />
  </Folder>
  <Folder Name="/Solution Items/">
    <File Path="../README.md" />
    <File Path=".editorconfig" />
    <File Path=".globalconfig" />
    <File Path="Directory.Build.props" />
    <File Path="Directory.Packages.props" />
    <File Path="GitVersion.yml" />
  </Folder>
  <Project Path="FlowScorecard.Engine/FlowScorecard.Engine.csproj" />
  <Project Path="FlowScorecard.Engine.UnitTests/FlowScorecard.Engine.UnitTests.csproj" />
</Solution>
